
Microsoft Visual Studio Solution File, Format Version 12.00
# Visual Studio Version 17
VisualStudioVersion = 17.13.35806.99 d17.13
MinimumVisualStudioVersion = 10.0.40219.1
Project("{FAE04EC0-301F-11D3-BF4B-00C04F79EFBC}") = "DZ_modul_7", "DZ_modul_7.csproj", "{F561585E-D8DF-439C-A425-CACCAD77B001}"
EndProject
Global
	GlobalSection(SolutionConfigurationPlatforms) = preSolution
		Debug|Any CPU = Debug|Any CPU
		Release|Any CPU = Release|Any CPU
	EndGlobalSection
	GlobalSection(ProjectConfigurationPlatforms) = postSolution
		{F561585E-D8DF-439C-A425-CACCAD77B001}.Debug|Any CPU.ActiveCfg = Debug|Any CPU
		{F561585E-D8DF-439C-A425-CACCAD77B001}.Debug|Any CPU.Build.0 = Debug|Any CPU
		{F561585E-D8DF-439C-A425-CACCAD77B001}.Release|Any CPU.ActiveCfg = Release|Any CPU
		{F561585E-D8DF-439C-A425-CACCAD77B001}.Release|Any CPU.Build.0 = Release|Any CPU
	EndGlobalSection
	GlobalSection(SolutionProperties) = preSolution
		HideSolutionNode = FALSE
	EndGlobalSection
	GlobalSection(ExtensibilityGlobals) = postSolution
		SolutionGuid = {02BBC4CE-4314-4D5E-BF21-777DA5D12940}
	EndGlobalSection
EndGlobal
